
Microsoft Visual Studio Solution File, Format Version 12.00
# Visual Studio Version 17
VisualStudioVersion = 17.14.37314.3 d17.14
MinimumVisualStudioVersion = 10.0.40219.1
Project("{FAE04EC0-301F-11D3-BF4B-00C04F79EFBC}") = "RIoT2.Matter", "RIoT2.Matter.csproj", "{F37FE367-BD7B-4FD5-99F7-B30F03E72E45}"
EndProject
Global
	GlobalSection(SolutionConfigurationPlatforms) = preSolution
		Debug|Any CPU = Debug|Any CPU
		Release|Any CPU = Release|Any CPU
	EndGlobalSection
	GlobalSection(ProjectConfigurationPlatforms) = postSolution
		{F37FE367-BD7B-4FD5-99F7-B30F03E72E45}.Debug|Any CPU.ActiveCfg = Debug|Any CPU
		{F37FE367-BD7B-4FD5-99F7-B30F03E72E45}.Debug|Any CPU.Build.0 = Debug|Any CPU
		{F37FE367-BD7B-4FD5-99F7-B30F03E72E45}.Release|Any CPU.ActiveCfg = Release|Any CPU
		{F37FE367-BD7B-4FD5-99F7-B30F03E72E45}.Release|Any CPU.Build.0 = Release|Any CPU
	EndGlobalSection
	GlobalSection(SolutionProperties) = preSolution
		HideSolutionNode = FALSE
	EndGlobalSection
	GlobalSection(ExtensibilityGlobals) = postSolution
		SolutionGuid = {099777F4-64B9-4C43-BFC8-5CAF35AF4615}
	EndGlobalSection
EndGlobal
